
Microsoft Visual Studio Solution File, Format Version 12.00
# Visual Studio Version 17
VisualStudioVersion = 17.11.35327.3
MinimumVisualStudioVersion = 10.0.40219.1
Project("{FAE04EC0-301F-11D3-BF4B-00C04F79EFBC}") = "DeporteVirtual", "DeporteVirtual\DeporteVirtual.csproj", "{58E92C77-9CB6-42A3-AA32-59148EC00A61}"
EndProject
Project("{FAE04EC0-301F-11D3-BF4B-00C04F79EFBC}") = "ClassDeporteVirtual", "ClassDeporteVirtual\ClassDeporteVirtual.csproj", "{EACCFD53-CF3C-4DC6-9401-E8F23E2B2DFD}"
EndProject
Project("{FAE04EC0-301F-11D3-BF4B-00C04F79EFBC}") = "TestDeporteVirtual", "TestDeporteVirtual\TestDeporteVirtual.csproj", "{10E40C64-7761-414E-80C5-B4FDD43A5002}"
EndProject
Global
	GlobalSection(SolutionConfigurationPlatforms) = preSolution
		Debug|Any CPU = Debug|Any CPU
		Release|Any CPU = Release|Any CPU
	EndGlobalSection
	GlobalSection(ProjectConfigurationPlatforms) = postSolution
		{58E92C77-9CB6-42A3-AA32-59148EC00A61}.Debug|Any CPU.ActiveCfg = Debug|Any CPU
		{58E92C77-9CB6-42A3-AA32-59148EC00A61}.Debug|Any CPU.Build.0 = Debug|Any CPU
		{58E92C77-9CB6-42A3-AA32-59148EC00A61}.Release|Any CPU.ActiveCfg = Release|Any CPU
		{58E92C77-9CB6-42A3-AA32-59148EC00A61}.Release|Any CPU.Build.0 = Release|Any CPU
		{EACCFD53-CF3C-4DC6-9401-E8F23E2B2DFD}.Debug|Any CPU.ActiveCfg = Debug|Any CPU
		{EACCFD53-CF3C-4DC6-9401-E8F23E2B2DFD}.Debug|Any CPU.Build.0 = Debug|Any CPU
		{EACCFD53-CF3C-4DC6-9401-E8F23E2B2DFD}.Release|Any CPU.ActiveCfg = Release|Any CPU
		{EACCFD53-CF3C-4DC6-9401-E8F23E2B2DFD}.Release|Any CPU.Build.0 = Release|Any CPU
		{10E40C64-7761-414E-80C5-B4FDD43A5002}.Debug|Any CPU.ActiveCfg = Debug|Any CPU
		{10E40C64-7761-414E-80C5-B4FDD43A5002}.Debug|Any CPU.Build.0 = Debug|Any CPU
		{10E40C64-7761-414E-80C5-B4FDD43A5002}.Release|Any CPU.ActiveCfg = Release|Any CPU
		{10E40C64-7761-414E-80C5-B4FDD43A5002}.Release|Any CPU.Build.0 = Release|Any CPU
	EndGlobalSection
	GlobalSection(SolutionProperties) = preSolution
		HideSolutionNode = FALSE
	EndGlobalSection
	GlobalSection(ExtensibilityGlobals) = postSolution
		SolutionGuid = {E454CD29-7A20-4E64-812B-DC0E36757545}
	EndGlobalSection
EndGlobal
